
Microsoft Visual Studio Solution File, Format Version 12.00
# Visual Studio Version 17
VisualStudioVersion = 17.6.33801.468
MinimumVisualStudioVersion = 10.0.40219.1
Project("{FAE04EC0-301F-11D3-BF4B-00C04F79EFBC}") = "LearningGraphQL", "LearningGraphQL\LearningGraphQL.csproj", "{74FDFC40-9B1C-405C-9F25-92346A0B1A32}"
EndProject
Global
	GlobalSection(SolutionConfigurationPlatforms) = preSolution
		Debug|Any CPU = Debug|Any CPU
		Release|Any CPU = Release|Any CPU
	EndGlobalSection
	GlobalSection(ProjectConfigurationPlatforms) = postSolution
		{74FDFC40-9B1C-405C-9F25-92346A0B1A32}.Debug|Any CPU.ActiveCfg = Debug|Any CPU
		{74FDFC40-9B1C-405C-9F25-92346A0B1A32}.Debug|Any CPU.Build.0 = Debug|Any CPU
		{74FDFC40-9B1C-405C-9F25-92346A0B1A32}.Release|Any CPU.ActiveCfg = Release|Any CPU
		{74FDFC40-9B1C-405C-9F25-92346A0B1A32}.Release|Any CPU.Build.0 = Release|Any CPU
	EndGlobalSection
	GlobalSection(SolutionProperties) = preSolution
		HideSolutionNode = FALSE
	EndGlobalSection
	GlobalSection(ExtensibilityGlobals) = postSolution
		SolutionGuid = {93B6E4CC-9791-4683-9D13-8BAB2A4E1C02}
	EndGlobalSection
EndGlobal
